# This file is automatically @generated by Cargo.
# It is not intended for manual editing.
version = 3

[[package]]
name = "hello-rs-64"
version = "0.1.0"
dependencies = [
 "n64",
]

[[package]]
name = "n64"
version = "0.1.0"
source = "git+https://github.com/Jhynjhiruu/n64-rs.git#0247993a1f7a69a8f6458ff7ea3bde03446b2103"
dependencies = [
 "volcell",
]

[[package]]
name = "volcell"
version = "1.0.0"
source = "registry+https://github.com/rust-lang/crates.io-index"
checksum = "404778f30d9230a66443b0498cc3a8c6633e294afbdce88221bbae7c9b0817bd"
